
Microsoft Visual Studio Solution File, Format Version 12.00
# Visual Studio Version 17
VisualStudioVersion = 17.13.35919.96 d17.13
MinimumVisualStudioVersion = 10.0.40219.1
Project("{FAE04EC0-301F-11D3-BF4B-00C04F79EFBC}") = "api", "api.csproj", "{32FDE1E1-B04B-4A99-B00E-28C4E62D247A}"
EndProject
Global
	GlobalSection(SolutionConfigurationPlatforms) = preSolution
		Debug|Any CPU = Debug|Any CPU
		Release|Any CPU = Release|Any CPU
	EndGlobalSection
	GlobalSection(ProjectConfigurationPlatforms) = postSolution
		{32FDE1E1-B04B-4A99-B00E-28C4E62D247A}.Debug|Any CPU.ActiveCfg = Debug|Any CPU
		{32FDE1E1-B04B-4A99-B00E-28C4E62D247A}.Debug|Any CPU.Build.0 = Debug|Any CPU
		{32FDE1E1-B04B-4A99-B00E-28C4E62D247A}.Release|Any CPU.ActiveCfg = Release|Any CPU
		{32FDE1E1-B04B-4A99-B00E-28C4E62D247A}.Release|Any CPU.Build.0 = Release|Any CPU
	EndGlobalSection
	GlobalSection(SolutionProperties) = preSolution
		HideSolutionNode = FALSE
	EndGlobalSection
	GlobalSection(ExtensibilityGlobals) = postSolution
		SolutionGuid = {0EAAC8BF-318B-4E24-B9F2-ECE018B0BD7C}
	EndGlobalSection
EndGlobal
